
Microsoft Visual Studio Solution File, Format Version 12.00
# Visual Studio Version 16
VisualStudioVersion = 16.0.30413.136
MinimumVisualStudioVersion = 10.0.40219.1
Project("{FAE04EC0-301F-11D3-BF4B-00C04F79EFBC}") = "Vidly.Web", "Vidly.Web\Vidly.Web.csproj", "{784D6EA1-45D6-46E0-9503-DC2380B5D8CD}"
EndProject
Global
	GlobalSection(SolutionConfigurationPlatforms) = preSolution
		Debug|Any CPU = Debug|Any CPU
		Release|Any CPU = Release|Any CPU
	EndGlobalSection
	GlobalSection(ProjectConfigurationPlatforms) = postSolution
		{784D6EA1-45D6-46E0-9503-DC2380B5D8CD}.Debug|Any CPU.ActiveCfg = Debug|Any CPU
		{784D6EA1-45D6-46E0-9503-DC2380B5D8CD}.Debug|Any CPU.Build.0 = Debug|Any CPU
		{784D6EA1-45D6-46E0-9503-DC2380B5D8CD}.Release|Any CPU.ActiveCfg = Release|Any CPU
		{784D6EA1-45D6-46E0-9503-DC2380B5D8CD}.Release|Any CPU.Build.0 = Release|Any CPU
	EndGlobalSection
	GlobalSection(SolutionProperties) = preSolution
		HideSolutionNode = FALSE
	EndGlobalSection
	GlobalSection(ExtensibilityGlobals) = postSolution
		SolutionGuid = {781C0AF0-3A21-418A-A81A-732B30EFE5EF}
	EndGlobalSection
EndGlobal
